
Microsoft Visual Studio Solution File, Format Version 12.00
# Visual Studio Version 17
VisualStudioVersion = 17.11.35327.3
MinimumVisualStudioVersion = 10.0.40219.1
Project("{FAE04EC0-301F-11D3-BF4B-00C04F79EFBC}") = "Advanced C# 03", "Advanced C# 03\Advanced C# 03.csproj", "{A60F1C1B-5E5B-4A2B-BDA3-12FA0953E0C0}"
EndProject
Global
	GlobalSection(SolutionConfigurationPlatforms) = preSolution
		Debug|Any CPU = Debug|Any CPU
		Release|Any CPU = Release|Any CPU
	EndGlobalSection
	GlobalSection(ProjectConfigurationPlatforms) = postSolution
		{A60F1C1B-5E5B-4A2B-BDA3-12FA0953E0C0}.Debug|Any CPU.ActiveCfg = Debug|Any CPU
		{A60F1C1B-5E5B-4A2B-BDA3-12FA0953E0C0}.Debug|Any CPU.Build.0 = Debug|Any CPU
		{A60F1C1B-5E5B-4A2B-BDA3-12FA0953E0C0}.Release|Any CPU.ActiveCfg = Release|Any CPU
		{A60F1C1B-5E5B-4A2B-BDA3-12FA0953E0C0}.Release|Any CPU.Build.0 = Release|Any CPU
	EndGlobalSection
	GlobalSection(SolutionProperties) = preSolution
		HideSolutionNode = FALSE
	EndGlobalSection
	GlobalSection(ExtensibilityGlobals) = postSolution
		SolutionGuid = {34E8A5BD-289A-45F4-8227-744F86151116}
	EndGlobalSection
EndGlobal
